{
  "lockfileVersion": 1,
  "configVersion": 1,
  "workspaces": {
    "": {
      "name": "gbrain-sandbox",
      "devDependencies": {
        "turbo": "^2.5.4",
      },
    },
    "apps/api": {
      "name": "@gbrain-sandbox/api",
      "dependencies": {
        "postgres": "^3.4.7",
      },
      "devDependencies": {
        "@gbrain-sandbox/typescript-config": "workspace:*",
        "@types/bun": "latest",
        "typescript": "^5.9.2",
      },
    },
    "packages/typescript-config": {
      "name": "@gbrain-sandbox/typescript-config",
      "version": "0.0.0",
    },
  },
  "packages": {
    "@gbrain-sandbox/api": ["@gbrain-sandbox/api@workspace:apps/api"],

    "@gbrain-sandbox/typescript-config": ["@gbrain-sandbox/typescript-config@workspace:packages/typescript-config"],

    "@turbo/darwin-64": ["@turbo/darwin-64@2.10.5", "", { "os": "darwin", "cpu": "x64" }, "sha512-ENvPwy3x5yS7MwNYHeWjqOBXkwIMp39Pd+/zXC6PoiNzF8EIvvLZOZZ+ny6L9x4WgS5vxUii2LM5gM+zjPdnWw=="],

    "@turbo/darwin-arm64": ["@turbo/darwin-arm64@2.10.5", "", { "os": "darwin", "cpu": "arm64" }, "sha512-rqROo9zsF/P9RqsdtbLD1nFJicjSrYyvQ9kNJC38AbxA3pAs6VAlATvtvOFx7bqOv6vicf20SP9kF33avJjy2w=="],

    "@turbo/linux-64": ["@turbo/linux-64@2.10.5", "", { "os": "linux", "cpu": "x64" }, "sha512-RoSSiNFUxi27zLJuM9F6GyWWjHgLch9t6nwD6K0FkXRirZkTLlzIj6IhFnK8H9++nefLtdFqylE4vGjZAv6AAA=="],

    "@turbo/linux-arm64": ["@turbo/linux-arm64@2.10.5", "", { "os": "linux", "cpu": "arm64" }, "sha512-4ZComcpzmHGmVynQqvvi+iZOSq/tBvY1SltXB8g4NZRsrA01W8E+yRL8RNM+PLoyWsrCnJa8xa+DkWkv+xg4iQ=="],

    "@turbo/windows-64": ["@turbo/windows-64@2.10.5", "", { "os": "win32", "cpu": "x64" }, "sha512-eL2Iyj4DbMINq1Sr1w0iAi6nAiZOF16KSlRGwCJpVh+IWZeY33MAsLHVOBMj1xoFtncVJXclCVpTPL2nBoYkFg=="],

    "@turbo/windows-arm64": ["@turbo/windows-arm64@2.10.5", "", { "os": "win32", "cpu": "arm64" }, "sha512-sog+wP+8YSJrdWZ/rUJg8xghVTrwoG+BrSlDQpnK5fzSgJHn1INRWXbVWRH0d3vX8dBI01E3yxXRre9Dn+OXQA=="],

    "@types/bun": ["@types/bun@1.3.14", "", { "dependencies": { "bun-types": "1.3.14" } }, "sha512-h1hFqFVcvAvD9j9K7ZW7vd82aSA+rTdznZa+5bwvCwqSB1jmmfLcbIWhOLx1/+boy/xmjgCs/OMUL8hRJSmnPw=="],

    "@types/node": ["@types/node@26.1.1", "", { "dependencies": { "undici-types": "~8.3.0" } }, "sha512-nxAkRSVkN1Y0JC1W8ky/fTfkGsMmcrRsbx+3XoZE+rMOX71kLYTV7fLXpqud1GpbpP5TuffXFqfX7fH2GgZREw=="],

    "bun-types": ["bun-types@1.3.14", "", { "dependencies": { "@types/node": "*" } }, "sha512-4N0ig0fEomHt5R0KCFWjovxow98rIoRwKolrYdCcknNwMekCXRnWEUvgu5soYV8QXtVsrUD8B95MBOZGPvr6KQ=="],

    "postgres": ["postgres@3.4.9", "", {}, "sha512-GD3qdB0x1z9xgFI6cdRD6xu2Sp2WCOEoe3mtnyB5Ee0XrrL5Pe+e4CCnJrRMnL1zYtRDZmQQVbvOttLnKDLnaw=="],

    "turbo": ["turbo@2.10.5", "", { "optionalDependencies": { "@turbo/darwin-64": "2.10.5", "@turbo/darwin-arm64": "2.10.5", "@turbo/linux-64": "2.10.5", "@turbo/linux-arm64": "2.10.5", "@turbo/windows-64": "2.10.5", "@turbo/windows-arm64": "2.10.5" }, "bin": { "turbo": "bin/turbo" } }, "sha512-07Y/C7OUp23l4P92PJoYtFNbHjLhftrZH5Ce7dbczS4kX2Re+wtbXvZLoxn/pUtzgsQaRCBaRuZPJp4zmAn0WQ=="],

    "typescript": ["typescript@5.9.3", "", { "bin": { "tsc": "bin/tsc", "tsserver": "bin/tsserver" } }, "sha512-jl1vZzPDinLr9eUt3J/t7V6FgNEw9QjvBPdysz9KfQDD41fQrC2Y4vKQdiaUpFT4bXlb1RHhLpp8wtm6M5TgSw=="],

    "undici-types": ["undici-types@8.3.0", "", {}, "sha512-j375ScV60dom+YkPFIfTLcOiPxkN/buHz5GobjLhixFuANaNs3C9l4GmrWqejgXWJ7BbJcFYpTEUkS1Ge8bpZQ=="],
  }
}
